
Microsoft Visual Studio Solution File, Format Version 12.00
# Visual Studio Version 16
VisualStudioVersion = 16.0.33130.400
MinimumVisualStudioVersion = 10.0.40219.1
Project("{FAE04EC0-301F-11D3-BF4B-00C04F79EFBC}") = "SharpNetworkScanner", "SharpNetworkScanner\SharpNetworkScanner.csproj", "{645F0F0D-1624-4F10-A0CE-2C88B5832522}"
EndProject
Global
	GlobalSection(SolutionConfigurationPlatforms) = preSolution
		Debug|Any CPU = Debug|Any CPU
		Release|Any CPU = Release|Any CPU
	EndGlobalSection
	GlobalSection(ProjectConfigurationPlatforms) = postSolution
		{645F0F0D-1624-4F10-A0CE-2C88B5832522}.Debug|Any CPU.ActiveCfg = Debug|Any CPU
		{645F0F0D-1624-4F10-A0CE-2C88B5832522}.Debug|Any CPU.Build.0 = Debug|Any CPU
		{645F0F0D-1624-4F10-A0CE-2C88B5832522}.Release|Any CPU.ActiveCfg = Release|Any CPU
		{645F0F0D-1624-4F10-A0CE-2C88B5832522}.Release|Any CPU.Build.0 = Release|Any CPU
	EndGlobalSection
	GlobalSection(SolutionProperties) = preSolution
		HideSolutionNode = FALSE
	EndGlobalSection
	GlobalSection(ExtensibilityGlobals) = postSolution
		SolutionGuid = {36A0272D-70FF-4143-B973-94BD7759DAF7}
	EndGlobalSection
EndGlobal
